{
  "name": "JJATT-Hackathon",
  "version": "1.0.0",
  "lockfileVersion": 2,
  "requires": true,
  "packages": {
    "": {
      "name": "JJATT-Hackathon",
      "version": "1.0.0",
      "license": "ISC",
      "dependencies": {
        "@react-spring/parallax": "^9.4.5",
        "react-parallax": "^3.3.0"
      }
    },
    "node_modules/@react-spring/animated": {
      "version": "9.4.5",
      "resolved": "https://registry.npmjs.org/@react-spring/animated/-/animated-9.4.5.tgz",
      "integrity": "sha512-KWqrtvJSMx6Fj9nMJkhTwM9r6LIriExDRV6YHZV9HKQsaolUFppgkOXpC+rsL1JEtEvKv6EkLLmSqHTnuYjiIA==",
      "dependencies": {
        "@react-spring/shared": "~9.4.5",
        "@react-spring/types": "~9.4.5"
      },
      "peerDependencies": {
        "react": "^16.8.0  || >=17.0.0 || >=18.0.0"
      }
    },
    "node_modules/@react-spring/core": {
      "version": "9.4.5",
      "resolved": "https://registry.npmjs.org/@react-spring/core/-/core-9.4.5.tgz",
      "integrity": "sha512-83u3FzfQmGMJFwZLAJSwF24/ZJctwUkWtyPD7KYtNagrFeQKUH1I05ZuhmCmqW+2w1KDW1SFWQ43RawqfXKiiQ==",
      "dependencies": {
        "@react-spring/animated": "~9.4.5",
        "@react-spring/rafz": "~9.4.5",
        "@react-spring/shared": "~9.4.5",
        "@react-spring/types": "~9.4.5"
      },
      "funding": {
        "type": "opencollective",
        "url": "https://opencollective.com/react-spring/donate"
      },
      "peerDependencies": {
        "react": "^16.8.0  || >=17.0.0 || >=18.0.0"
      }
    },
    "node_modules/@react-spring/parallax": {
      "version": "9.4.5",
      "resolved": "https://registry.npmjs.org/@react-spring/parallax/-/parallax-9.4.5.tgz",
      "integrity": "sha512-oN677+AFie3rpoD/02m6FXu5RARabztJTs1SywrmeLQlFJtx/gGL9eqSgUWbTtBQ3wV7FDzJ9knjkTwFLW8GPA==",
      "dependencies": {
        "@react-spring/shared": "~9.4.5",
        "@react-spring/web": "~9.4.5"
      },
      "peerDependencies": {
        "react": "^16.8.0  || >=17.0.0 || >=18.0.0",
        "react-dom": "^16.8.0  || >=17.0.0 || >=18.0.0"
      }
    },
    "node_modules/@react-spring/rafz": {
      "version": "9.4.5",
      "resolved": "https://registry.npmjs.org/@react-spring/rafz/-/rafz-9.4.5.tgz",
      "integrity": "sha512-swGsutMwvnoyTRxvqhfJBtGM8Ipx6ks0RkIpNX9F/U7XmyPvBMGd3GgX/mqxZUpdlsuI1zr/jiYw+GXZxAlLcQ=="
    },
    "node_modules/@react-spring/shared": {
      "version": "9.4.5",
      "resolved": "https://registry.npmjs.org/@react-spring/shared/-/shared-9.4.5.tgz",
      "integrity": "sha512-JhMh3nFKsqyag0KM5IIM8BQANGscTdd0mMv3BXsUiMZrcjQTskyfnv5qxEeGWbJGGar52qr5kHuBHtCjQOzniA==",
      "dependencies": {
        "@react-spring/rafz": "~9.4.5",
        "@react-spring/types": "~9.4.5"
      },
      "peerDependencies": {
        "react": "^16.8.0  || >=17.0.0 || >=18.0.0"
      }
    },
    "node_modules/@react-spring/types": {
      "version": "9.4.5",
      "resolved": "https://registry.npmjs.org/@react-spring/types/-/types-9.4.5.tgz",
      "integrity": "sha512-mpRIamoHwql0ogxEUh9yr4TP0xU5CWyZxVQeccGkHHF8kPMErtDXJlxyo0lj+telRF35XNihtPTWoflqtyARmg=="
    },
    "node_modules/@react-spring/web": {
      "version": "9.4.5",
      "resolved": "https://registry.npmjs.org/@react-spring/web/-/web-9.4.5.tgz",
      "integrity": "sha512-NGAkOtKmOzDEctL7MzRlQGv24sRce++0xAY7KlcxmeVkR7LRSGkoXHaIfm9ObzxPMcPHQYQhf3+X9jepIFNHQA==",
      "dependencies": {
        "@react-spring/animated": "~9.4.5",
        "@react-spring/core": "~9.4.5",
        "@react-spring/shared": "~9.4.5",
        "@react-spring/types": "~9.4.5"
      },
      "peerDependencies": {
        "react": "^16.8.0  || >=17.0.0 || >=18.0.0",
        "react-dom": "^16.8.0  || >=17.0.0 || >=18.0.0"
      }
    },
    "node_modules/js-tokens": {
      "version": "4.0.0",
      "resolved": "https://registry.npmjs.org/js-tokens/-/js-tokens-4.0.0.tgz",
      "integrity": "sha512-RdJUflcE3cUzKiMqQgsCu06FPu9UdIJO0beYbPhHN4k6apgJtifcoCtT9bcxOpYBtpD2kCM6Sbzg4CausW/PKQ==",
      "peer": true
    },
    "node_modules/loose-envify": {
      "version": "1.4.0",
      "resolved": "https://registry.npmjs.org/loose-envify/-/loose-envify-1.4.0.tgz",
      "integrity": "sha512-lyuxPGr/Wfhrlem2CL/UcnUc1zcqKAImBDzukY7Y5F/yQiNdko6+fRLevlw1HgMySw7f611UIY408EtxRSoK3Q==",
      "peer": true,
      "dependencies": {
        "js-tokens": "^3.0.0 || ^4.0.0"
      },
      "bin": {
        "loose-envify": "cli.js"
      }
    },
    "node_modules/object-assign": {
      "version": "4.1.1",
      "resolved": "https://registry.npmjs.org/object-assign/-/object-assign-4.1.1.tgz",
      "integrity": "sha1-IQmtx5ZYh8/AXLvUQsrIv7s2CGM=",
      "peer": true,
      "engines": {
        "node": ">=0.10.0"
      }
    },
    "node_modules/react": {
      "version": "17.0.2",
      "resolved": "https://registry.npmjs.org/react/-/react-17.0.2.tgz",
      "integrity": "sha512-gnhPt75i/dq/z3/6q/0asP78D0u592D5L1pd7M8P+dck6Fu/jJeL6iVVK23fptSUZj8Vjf++7wXA8UNclGQcbA==",
      "peer": true,
      "dependencies": {
        "loose-envify": "^1.1.0",
        "object-assign": "^4.1.1"
      },
      "engines": {
        "node": ">=0.10.0"
      }
    },
    "node_modules/react-dom": {
      "version": "17.0.2",
      "resolved": "https://registry.npmjs.org/react-dom/-/react-dom-17.0.2.tgz",
      "integrity": "sha512-s4h96KtLDUQlsENhMn1ar8t2bEa+q/YAtj8pPPdIjPDGBDIVNsrD9aXNWqspUe6AzKCIG0C1HZZLqLV7qpOBGA==",
      "peer": true,
      "dependencies": {
        "loose-envify": "^1.1.0",
        "object-assign": "^4.1.1",
        "scheduler": "^0.20.2"
      },
      "peerDependencies": {
        "react": "17.0.2"
      }
    },
    "node_modules/react-parallax": {
      "version": "3.3.0",
      "resolved": "https://registry.npmjs.org/react-parallax/-/react-parallax-3.3.0.tgz",
      "integrity": "sha512-gI7YdblxdbhZ1ISqaWzIqlPSuQLX76QFbzWKmeA0hCprjephVdVD35gCN+Fu8v0p3cfw+DFTN/PE+jYgcCOLUw==",
      "peerDependencies": {
        "react": "16.x.x || 17.x.x",
        "react-dom": "16.x.x || 17.x.x"
      }
    },
    "node_modules/scheduler": {
      "version": "0.20.2",
      "resolved": "https://registry.npmjs.org/scheduler/-/scheduler-0.20.2.tgz",
      "integrity": "sha512-2eWfGgAqqWFGqtdMmcL5zCMK1U8KlXv8SQFGglL3CEtd0aDVDWgeF/YoCmvln55m5zSk3J/20hTaSBeSObsQDQ==",
      "peer": true,
      "dependencies": {
        "loose-envify": "^1.1.0",
        "object-assign": "^4.1.1"
      }
    }
  },
  "dependencies": {
    "@react-spring/animated": {
      "version": "9.4.5",
      "resolved": "https://registry.npmjs.org/@react-spring/animated/-/animated-9.4.5.tgz",
      "integrity": "sha512-KWqrtvJSMx6Fj9nMJkhTwM9r6LIriExDRV6YHZV9HKQsaolUFppgkOXpC+rsL1JEtEvKv6EkLLmSqHTnuYjiIA==",
      "requires": {
        "@react-spring/shared": "~9.4.5",
        "@react-spring/types": "~9.4.5"
      }
    },
    "@react-spring/core": {
      "version": "9.4.5",
      "resolved": "https://registry.npmjs.org/@react-spring/core/-/core-9.4.5.tgz",
      "integrity": "sha512-83u3FzfQmGMJFwZLAJSwF24/ZJctwUkWtyPD7KYtNagrFeQKUH1I05ZuhmCmqW+2w1KDW1SFWQ43RawqfXKiiQ==",
      "requires": {
        "@react-spring/animated": "~9.4.5",
        "@react-spring/rafz": "~9.4.5",
        "@react-spring/shared": "~9.4.5",
        "@react-spring/types": "~9.4.5"
      }
    },
    "@react-spring/parallax": {
      "version": "9.4.5",
      "resolved": "https://registry.npmjs.org/@react-spring/parallax/-/parallax-9.4.5.tgz",
      "integrity": "sha512-oN677+AFie3rpoD/02m6FXu5RARabztJTs1SywrmeLQlFJtx/gGL9eqSgUWbTtBQ3wV7FDzJ9knjkTwFLW8GPA==",
      "requires": {
        "@react-spring/shared": "~9.4.5",
        "@react-spring/web": "~9.4.5"
      }
    },
    "@react-spring/rafz": {
      "version": "9.4.5",
      "resolved": "https://registry.npmjs.org/@react-spring/rafz/-/rafz-9.4.5.tgz",
      "integrity": "sha512-swGsutMwvnoyTRxvqhfJBtGM8Ipx6ks0RkIpNX9F/U7XmyPvBMGd3GgX/mqxZUpdlsuI1zr/jiYw+GXZxAlLcQ=="
    },
    "@react-spring/shared": {
      "version": "9.4.5",
      "resolved": "https://registry.npmjs.org/@react-spring/shared/-/shared-9.4.5.tgz",
      "integrity": "sha512-JhMh3nFKsqyag0KM5IIM8BQANGscTdd0mMv3BXsUiMZrcjQTskyfnv5qxEeGWbJGGar52qr5kHuBHtCjQOzniA==",
      "requires": {
        "@react-spring/rafz": "~9.4.5",
        "@react-spring/types": "~9.4.5"
      }
    },
    "@react-spring/types": {
      "version": "9.4.5",
      "resolved": "https://registry.npmjs.org/@react-spring/types/-/types-9.4.5.tgz",
      "integrity": "sha512-mpRIamoHwql0ogxEUh9yr4TP0xU5CWyZxVQeccGkHHF8kPMErtDXJlxyo0lj+telRF35XNihtPTWoflqtyARmg=="
    },
    "@react-spring/web": {
      "version": "9.4.5",
      "resolved": "https://registry.npmjs.org/@react-spring/web/-/web-9.4.5.tgz",
      "integrity": "sha512-NGAkOtKmOzDEctL7MzRlQGv24sRce++0xAY7KlcxmeVkR7LRSGkoXHaIfm9ObzxPMcPHQYQhf3+X9jepIFNHQA==",
      "requires": {
        "@react-spring/animated": "~9.4.5",
        "@react-spring/core": "~9.4.5",
        "@react-spring/shared": "~9.4.5",
        "@react-spring/types": "~9.4.5"
      }
    },
    "js-tokens": {
      "version": "4.0.0",
      "resolved": "https://registry.npmjs.org/js-tokens/-/js-tokens-4.0.0.tgz",
      "integrity": "sha512-RdJUflcE3cUzKiMqQgsCu06FPu9UdIJO0beYbPhHN4k6apgJtifcoCtT9bcxOpYBtpD2kCM6Sbzg4CausW/PKQ==",
      "peer": true
    },
    "loose-envify": {
      "version": "1.4.0",
      "resolved": "https://registry.npmjs.org/loose-envify/-/loose-envify-1.4.0.tgz",
      "integrity": "sha512-lyuxPGr/Wfhrlem2CL/UcnUc1zcqKAImBDzukY7Y5F/yQiNdko6+fRLevlw1HgMySw7f611UIY408EtxRSoK3Q==",
      "peer": true,
      "requires": {
        "js-tokens": "^3.0.0 || ^4.0.0"
      }
    },
    "object-assign": {
      "version": "4.1.1",
      "resolved": "https://registry.npmjs.org/object-assign/-/object-assign-4.1.1.tgz",
      "integrity": "sha1-IQmtx5ZYh8/AXLvUQsrIv7s2CGM=",
      "peer": true
    },
    "react": {
      "version": "17.0.2",
      "resolved": "https://registry.npmjs.org/react/-/react-17.0.2.tgz",
      "integrity": "sha512-gnhPt75i/dq/z3/6q/0asP78D0u592D5L1pd7M8P+dck6Fu/jJeL6iVVK23fptSUZj8Vjf++7wXA8UNclGQcbA==",
      "peer": true,
      "requires": {
        "loose-envify": "^1.1.0",
        "object-assign": "^4.1.1"
      }
    },
    "react-dom": {
      "version": "17.0.2",
      "resolved": "https://registry.npmjs.org/react-dom/-/react-dom-17.0.2.tgz",
      "integrity": "sha512-s4h96KtLDUQlsENhMn1ar8t2bEa+q/YAtj8pPPdIjPDGBDIVNsrD9aXNWqspUe6AzKCIG0C1HZZLqLV7qpOBGA==",
      "peer": true,
      "requires": {
        "loose-envify": "^1.1.0",
        "object-assign": "^4.1.1",
        "scheduler": "^0.20.2"
      }
    },
    "react-parallax": {
      "version": "3.3.0",
      "resolved": "https://registry.npmjs.org/react-parallax/-/react-parallax-3.3.0.tgz",
      "integrity": "sha512-gI7YdblxdbhZ1ISqaWzIqlPSuQLX76QFbzWKmeA0hCprjephVdVD35gCN+Fu8v0p3cfw+DFTN/PE+jYgcCOLUw==",
      "requires": {}
    },
    "scheduler": {
      "version": "0.20.2",
      "resolved": "https://registry.npmjs.org/scheduler/-/scheduler-0.20.2.tgz",
      "integrity": "sha512-2eWfGgAqqWFGqtdMmcL5zCMK1U8KlXv8SQFGglL3CEtd0aDVDWgeF/YoCmvln55m5zSk3J/20hTaSBeSObsQDQ==",
      "peer": true,
      "requires": {
        "loose-envify": "^1.1.0",
        "object-assign": "^4.1.1"
      }
    }
  }
}
